
Microsoft Visual Studio Solution File, Format Version 12.00
# Visual Studio Version 16
VisualStudioVersion = 16.0.28922.388
MinimumVisualStudioVersion = 10.0.40219.1
Project("{FAE04EC0-301F-11D3-BF4B-00C04F79EFBC}") = "PencilSimulation", "PencilSimulation\PencilSimulation.csproj", "{3AAFD5F8-03B9-4EFA-8878-4A0E25FB2D75}"
EndProject
Project("{FAE04EC0-301F-11D3-BF4B-00C04F79EFBC}") = "PencilLib", "PencilLib\PencilLib.csproj", "{39752A48-A026-4A68-AC15-34EF42417595}"
EndProject
Project("{FAE04EC0-301F-11D3-BF4B-00C04F79EFBC}") = "PencilTests", "PencilTests\PencilTests.csproj", "{12520939-4C69-46CA-8AB0-940ABB2DE159}"
EndProject
Global
	GlobalSection(SolutionConfigurationPlatforms) = preSolution
		Debug|Any CPU = Debug|Any CPU
		Release|Any CPU = Release|Any CPU
	EndGlobalSection
	GlobalSection(ProjectConfigurationPlatforms) = postSolution
		{3AAFD5F8-03B9-4EFA-8878-4A0E25FB2D75}.Debug|Any CPU.ActiveCfg = Debug|Any CPU
		{3AAFD5F8-03B9-4EFA-8878-4A0E25FB2D75}.Debug|Any CPU.Build.0 = Debug|Any CPU
		{3AAFD5F8-03B9-4EFA-8878-4A0E25FB2D75}.Release|Any CPU.ActiveCfg = Release|Any CPU
		{3AAFD5F8-03B9-4EFA-8878-4A0E25FB2D75}.Release|Any CPU.Build.0 = Release|Any CPU
		{39752A48-A026-4A68-AC15-34EF42417595}.Debug|Any CPU.ActiveCfg = Debug|Any CPU
		{39752A48-A026-4A68-AC15-34EF42417595}.Debug|Any CPU.Build.0 = Debug|Any CPU
		{39752A48-A026-4A68-AC15-34EF42417595}.Release|Any CPU.ActiveCfg = Release|Any CPU
		{39752A48-A026-4A68-AC15-34EF42417595}.Release|Any CPU.Build.0 = Release|Any CPU
		{12520939-4C69-46CA-8AB0-940ABB2DE159}.Debug|Any CPU.ActiveCfg = Debug|Any CPU
		{12520939-4C69-46CA-8AB0-940ABB2DE159}.Debug|Any CPU.Build.0 = Debug|Any CPU
		{12520939-4C69-46CA-8AB0-940ABB2DE159}.Release|Any CPU.ActiveCfg = Release|Any CPU
		{12520939-4C69-46CA-8AB0-940ABB2DE159}.Release|Any CPU.Build.0 = Release|Any CPU
	EndGlobalSection
	GlobalSection(SolutionProperties) = preSolution
		HideSolutionNode = FALSE
	EndGlobalSection
	GlobalSection(ExtensibilityGlobals) = postSolution
		SolutionGuid = {72F09520-A143-4730-9934-D0F7E0541644}
	EndGlobalSection
EndGlobal
